
Microsoft Visual Studio Solution File, Format Version 12.00
# Visual Studio Version 16
VisualStudioVersion = 16.0.31229.75
MinimumVisualStudioVersion = 10.0.40219.1
Project("{FAE04EC0-301F-11D3-BF4B-00C04F79EFBC}") = "TestBank", "TestBank\TestBank.csproj", "{5D4C42A0-9296-41A3-AE7C-7EBA814FAD3D}"
EndProject
Project("{FAE04EC0-301F-11D3-BF4B-00C04F79EFBC}") = "Repository", "Repository\Repository.csproj", "{44A11374-4F21-4320-B59C-16E8670A70E8}"
EndProject
Project("{FAE04EC0-301F-11D3-BF4B-00C04F79EFBC}") = "UnitTest", "UnitTest\UnitTest.csproj", "{C16303BD-C936-4F6B-812B-9438B88E5BFE}"
EndProject
Project("{FAE04EC0-301F-11D3-BF4B-00C04F79EFBC}") = "Domain", "Domain\Domain.csproj", "{E26E57C7-C454-4D82-8815-381ECBFD27BD}"
EndProject
Project("{FAE04EC0-301F-11D3-BF4B-00C04F79EFBC}") = "AppBL", "AppBL\AppBL.csproj", "{8E8482C6-EFC8-4DC0-9DE7-3EA05B2DEBC5}"
EndProject
Global
	GlobalSection(SolutionConfigurationPlatforms) = preSolution
		Debug|Any CPU = Debug|Any CPU
		Release|Any CPU = Release|Any CPU
	EndGlobalSection
	GlobalSection(ProjectConfigurationPlatforms) = postSolution
		{5D4C42A0-9296-41A3-AE7C-7EBA814FAD3D}.Debug|Any CPU.ActiveCfg = Debug|Any CPU
		{5D4C42A0-9296-41A3-AE7C-7EBA814FAD3D}.Debug|Any CPU.Build.0 = Debug|Any CPU
		{5D4C42A0-9296-41A3-AE7C-7EBA814FAD3D}.Release|Any CPU.ActiveCfg = Release|Any CPU
		{5D4C42A0-9296-41A3-AE7C-7EBA814FAD3D}.Release|Any CPU.Build.0 = Release|Any CPU
		{44A11374-4F21-4320-B59C-16E8670A70E8}.Debug|Any CPU.ActiveCfg = Debug|Any CPU
		{44A11374-4F21-4320-B59C-16E8670A70E8}.Debug|Any CPU.Build.0 = Debug|Any CPU
		{44A11374-4F21-4320-B59C-16E8670A70E8}.Release|Any CPU.ActiveCfg = Release|Any CPU
		{44A11374-4F21-4320-B59C-16E8670A70E8}.Release|Any CPU.Build.0 = Release|Any CPU
		{C16303BD-C936-4F6B-812B-9438B88E5BFE}.Debug|Any CPU.ActiveCfg = Debug|Any CPU
		{C16303BD-C936-4F6B-812B-9438B88E5BFE}.Debug|Any CPU.Build.0 = Debug|Any CPU
		{C16303BD-C936-4F6B-812B-9438B88E5BFE}.Release|Any CPU.ActiveCfg = Release|Any CPU
		{C16303BD-C936-4F6B-812B-9438B88E5BFE}.Release|Any CPU.Build.0 = Release|Any CPU
		{E26E57C7-C454-4D82-8815-381ECBFD27BD}.Debug|Any CPU.ActiveCfg = Debug|Any CPU
		{E26E57C7-C454-4D82-8815-381ECBFD27BD}.Debug|Any CPU.Build.0 = Debug|Any CPU
		{E26E57C7-C454-4D82-8815-381ECBFD27BD}.Release|Any CPU.ActiveCfg = Release|Any CPU
		{E26E57C7-C454-4D82-8815-381ECBFD27BD}.Release|Any CPU.Build.0 = Release|Any CPU
		{8E8482C6-EFC8-4DC0-9DE7-3EA05B2DEBC5}.Debug|Any CPU.ActiveCfg = Debug|Any CPU
		{8E8482C6-EFC8-4DC0-9DE7-3EA05B2DEBC5}.Debug|Any CPU.Build.0 = Debug|Any CPU
		{8E8482C6-EFC8-4DC0-9DE7-3EA05B2DEBC5}.Release|Any CPU.ActiveCfg = Release|Any CPU
		{8E8482C6-EFC8-4DC0-9DE7-3EA05B2DEBC5}.Release|Any CPU.Build.0 = Release|Any CPU
	EndGlobalSection
	GlobalSection(SolutionProperties) = preSolution
		HideSolutionNode = FALSE
	EndGlobalSection
	GlobalSection(ExtensibilityGlobals) = postSolution
		SolutionGuid = {277E8DF2-F1D1-4FA6-B7AE-732542948045}
	EndGlobalSection
EndGlobal
